
Microsoft Visual Studio Solution File, Format Version 11.00
# Visual Studio 2010
Project("{FAE04EC0-301F-11D3-BF4B-00C04F79EFBC}") = "Book of Fame", "Assembly-CSharp-firstpass.csproj", "{764E735C-B349-2760-604D-BF489283CC40}"
EndProject
Project("{FAE04EC0-301F-11D3-BF4B-00C04F79EFBC}") = "Book of Fame", "Assembly-CSharp.csproj", "{D17DD8EA-B116-EFD5-944C-ADD950E4E07F}"
EndProject
Project("{FAE04EC0-301F-11D3-BF4B-00C04F79EFBC}") = "Book of Fame", "Assembly-CSharp-Editor.csproj", "{D523812A-6BC9-F8C3-3AAA-2C45B12F7A1C}"
EndProject
Global
	GlobalSection(SolutionConfigurationPlatforms) = preSolution
		Debug|Any CPU = Debug|Any CPU
		Release|Any CPU = Release|Any CPU
	EndGlobalSection
	GlobalSection(ProjectConfigurationPlatforms) = postSolution
		{764E735C-B349-2760-604D-BF489283CC40}.Debug|Any CPU.ActiveCfg = Debug|Any CPU
		{764E735C-B349-2760-604D-BF489283CC40}.Debug|Any CPU.Build.0 = Debug|Any CPU
		{764E735C-B349-2760-604D-BF489283CC40}.Release|Any CPU.ActiveCfg = Release|Any CPU
		{764E735C-B349-2760-604D-BF489283CC40}.Release|Any CPU.Build.0 = Release|Any CPU
		{D17DD8EA-B116-EFD5-944C-ADD950E4E07F}.Debug|Any CPU.ActiveCfg = Debug|Any CPU
		{D17DD8EA-B116-EFD5-944C-ADD950E4E07F}.Debug|Any CPU.Build.0 = Debug|Any CPU
		{D17DD8EA-B116-EFD5-944C-ADD950E4E07F}.Release|Any CPU.ActiveCfg = Release|Any CPU
		{D17DD8EA-B116-EFD5-944C-ADD950E4E07F}.Release|Any CPU.Build.0 = Release|Any CPU
		{D523812A-6BC9-F8C3-3AAA-2C45B12F7A1C}.Debug|Any CPU.ActiveCfg = Debug|Any CPU
		{D523812A-6BC9-F8C3-3AAA-2C45B12F7A1C}.Debug|Any CPU.Build.0 = Debug|Any CPU
		{D523812A-6BC9-F8C3-3AAA-2C45B12F7A1C}.Release|Any CPU.ActiveCfg = Release|Any CPU
		{D523812A-6BC9-F8C3-3AAA-2C45B12F7A1C}.Release|Any CPU.Build.0 = Release|Any CPU
	EndGlobalSection
	GlobalSection(SolutionProperties) = preSolution
		HideSolutionNode = FALSE
	EndGlobalSection
	GlobalSection(MonoDevelopProperties) = preSolution
		StartupItem = Assembly-CSharp.csproj
	EndGlobalSection
EndGlobal
